
Microsoft Visual Studio Solution File, Format Version 12.00
# Visual Studio Version 17
VisualStudioVersion = 17.2.32505.173
MinimumVisualStudioVersion = 10.0.40219.1
Project("{FAE04EC0-301F-11D3-BF4B-00C04F79EFBC}") = "ScannerApp", "ScannerApp\ScannerApp.csproj", "{B24E03B5-F6DC-437C-9308-6B1D1250D278}"
EndProject
Project("{FAE04EC0-301F-11D3-BF4B-00C04F79EFBC}") = "ScannerAControls", "libs\ScannerAControls\ScannerAControls.csproj", "{E9DF08CF-7A9A-4E60-A70F-75918D16D188}"
EndProject
Project("{FAE04EC0-301F-11D3-BF4B-00C04F79EFBC}") = "ScannerBControls", "libs\ScannerBControls\ScannerBControls.csproj", "{BCC22721-CD65-4A67-814E-4EDA60F3EE2D}"
EndProject
Global
	GlobalSection(SolutionConfigurationPlatforms) = preSolution
		Debug|Any CPU = Debug|Any CPU
		Release|Any CPU = Release|Any CPU
	EndGlobalSection
	GlobalSection(ProjectConfigurationPlatforms) = postSolution
		{B24E03B5-F6DC-437C-9308-6B1D1250D278}.Debug|Any CPU.ActiveCfg = Debug|Any CPU
		{B24E03B5-F6DC-437C-9308-6B1D1250D278}.Debug|Any CPU.Build.0 = Debug|Any CPU
		{B24E03B5-F6DC-437C-9308-6B1D1250D278}.Release|Any CPU.ActiveCfg = Release|Any CPU
		{B24E03B5-F6DC-437C-9308-6B1D1250D278}.Release|Any CPU.Build.0 = Release|Any CPU
		{E9DF08CF-7A9A-4E60-A70F-75918D16D188}.Debug|Any CPU.ActiveCfg = Debug|Any CPU
		{E9DF08CF-7A9A-4E60-A70F-75918D16D188}.Debug|Any CPU.Build.0 = Debug|Any CPU
		{E9DF08CF-7A9A-4E60-A70F-75918D16D188}.Release|Any CPU.ActiveCfg = Release|Any CPU
		{E9DF08CF-7A9A-4E60-A70F-75918D16D188}.Release|Any CPU.Build.0 = Release|Any CPU
		{BCC22721-CD65-4A67-814E-4EDA60F3EE2D}.Debug|Any CPU.ActiveCfg = Debug|Any CPU
		{BCC22721-CD65-4A67-814E-4EDA60F3EE2D}.Debug|Any CPU.Build.0 = Debug|Any CPU
		{BCC22721-CD65-4A67-814E-4EDA60F3EE2D}.Release|Any CPU.ActiveCfg = Release|Any CPU
		{BCC22721-CD65-4A67-814E-4EDA60F3EE2D}.Release|Any CPU.Build.0 = Release|Any CPU
	EndGlobalSection
	GlobalSection(SolutionProperties) = preSolution
		HideSolutionNode = FALSE
	EndGlobalSection
	GlobalSection(ExtensibilityGlobals) = postSolution
		SolutionGuid = {952D1EF2-E95A-45ED-8820-9456134DF097}
	EndGlobalSection
EndGlobal
